<Solution>
  <Configurations>
    <Platform Name="Any CPU" />
    <Platform Name="x64" />
    <Platform Name="x86" />
  </Configurations>
  <Folder Name="/Solution Items/">
    <File Path=".editorconfig" />
    <File Path="Directory.Build.props" />
    <File Path="Directory.Packages.props" />
  </Folder>
  <Folder Name="/src/">
    <Project Path="src/Core/Core.csproj" />
    <Project Path="src/Infrastructure/Infrastructure.csproj" />
    <Project Path="src/UseCases/UseCases.csproj" />
    <Project Path="src/Web/Web.csproj" />
  </Folder>
  <Folder Name="/src/_aspire/">
    <Project Path="src/AspireHost/AspireHost.csproj" />
    <Project Path="src/ServiceDefaults/ServiceDefaults.csproj" />
  </Folder>
  <Folder Name="/tests/">
    <Project Path="tests/FunctionalTests/FunctionalTests.csproj">
      <BuildDependency Project="src/Web/Web.csproj" />
    </Project>
    <Project Path="tests/IntegrationTests/IntegrationTests.csproj">
      <BuildDependency Project="src/Infrastructure/Infrastructure.csproj" />
    </Project>
    <Project Path="tests/UnitTests/UnitTests.csproj" />
  </Folder>
</Solution>
